
Microsoft Visual Studio Solution File, Format Version 12.00
# Visual Studio 15
VisualStudioVersion = 15.0.27130.2024
MinimumVisualStudioVersion = 10.0.40219.1
Project("{9A19103F-16F7-4668-BE54-9A1E7A4F7556}") = "Common", "Common\Common.csproj", "{A19F52FD-B5B1-4EBB-BAA4-5D1D8B434CE2}"
EndProject
Project("{9A19103F-16F7-4668-BE54-9A1E7A4F7556}") = "MusicStore", "MusicStore\MusicStore.csproj", "{5398907D-6297-4DC6-8AF0-BAE21412F425}"
EndProject
Project("{2150E333-8FDC-42A3-9474-1A3956D46DE8}") = "Store", "Store", "{946BA412-89AF-44C5-A20C-C5618B264347}"
EndProject
Project("{9A19103F-16F7-4668-BE54-9A1E7A4F7556}") = "Common.Tests", "Common.Tests\Common.Tests.csproj", "{32FB2D7D-08F6-4C3B-BDD0-35432DFE16BE}"
EndProject
Project("{2150E333-8FDC-42A3-9474-1A3956D46DE8}") = "_Shared", "_Shared", "{73E230C3-C8F7-40F4-A4B2-357BA9207534}"
EndProject
Global
	GlobalSection(SolutionConfigurationPlatforms) = preSolution
		Debug|Any CPU = Debug|Any CPU
		Release|Any CPU = Release|Any CPU
		RuntimeStore|Any CPU = RuntimeStore|Any CPU
	EndGlobalSection
	GlobalSection(ProjectConfigurationPlatforms) = postSolution
		{A19F52FD-B5B1-4EBB-BAA4-5D1D8B434CE2}.Debug|Any CPU.ActiveCfg = Debug|Any CPU
		{A19F52FD-B5B1-4EBB-BAA4-5D1D8B434CE2}.Debug|Any CPU.Build.0 = Debug|Any CPU
		{A19F52FD-B5B1-4EBB-BAA4-5D1D8B434CE2}.Release|Any CPU.ActiveCfg = Release|Any CPU
		{A19F52FD-B5B1-4EBB-BAA4-5D1D8B434CE2}.Release|Any CPU.Build.0 = Release|Any CPU
		{A19F52FD-B5B1-4EBB-BAA4-5D1D8B434CE2}.RuntimeStore|Any CPU.ActiveCfg = Release|Any CPU
		{A19F52FD-B5B1-4EBB-BAA4-5D1D8B434CE2}.RuntimeStore|Any CPU.Build.0 = Release|Any CPU
		{5398907D-6297-4DC6-8AF0-BAE21412F425}.Debug|Any CPU.ActiveCfg = Debug|Any CPU
		{5398907D-6297-4DC6-8AF0-BAE21412F425}.Debug|Any CPU.Build.0 = Debug|Any CPU
		{5398907D-6297-4DC6-8AF0-BAE21412F425}.Release|Any CPU.ActiveCfg = Release|Any CPU
		{5398907D-6297-4DC6-8AF0-BAE21412F425}.Release|Any CPU.Build.0 = Release|Any CPU
		{5398907D-6297-4DC6-8AF0-BAE21412F425}.RuntimeStore|Any CPU.ActiveCfg = RuntimeStore|Any CPU
		{5398907D-6297-4DC6-8AF0-BAE21412F425}.RuntimeStore|Any CPU.Build.0 = RuntimeStore|Any CPU
		{32FB2D7D-08F6-4C3B-BDD0-35432DFE16BE}.Debug|Any CPU.ActiveCfg = Debug|Any CPU
		{32FB2D7D-08F6-4C3B-BDD0-35432DFE16BE}.Debug|Any CPU.Build.0 = Debug|Any CPU
		{32FB2D7D-08F6-4C3B-BDD0-35432DFE16BE}.Release|Any CPU.ActiveCfg = Release|Any CPU
		{32FB2D7D-08F6-4C3B-BDD0-35432DFE16BE}.Release|Any CPU.Build.0 = Release|Any CPU
		{32FB2D7D-08F6-4C3B-BDD0-35432DFE16BE}.RuntimeStore|Any CPU.ActiveCfg = Release|Any CPU
		{32FB2D7D-08F6-4C3B-BDD0-35432DFE16BE}.RuntimeStore|Any CPU.Build.0 = Release|Any CPU
	EndGlobalSection
	GlobalSection(SolutionProperties) = preSolution
		HideSolutionNode = FALSE
	EndGlobalSection
	GlobalSection(NestedProjects) = preSolution
		{A19F52FD-B5B1-4EBB-BAA4-5D1D8B434CE2} = {73E230C3-C8F7-40F4-A4B2-357BA9207534}
		{5398907D-6297-4DC6-8AF0-BAE21412F425} = {946BA412-89AF-44C5-A20C-C5618B264347}
		{32FB2D7D-08F6-4C3B-BDD0-35432DFE16BE} = {73E230C3-C8F7-40F4-A4B2-357BA9207534}
	EndGlobalSection
	GlobalSection(ExtensibilityGlobals) = postSolution
		SolutionGuid = {5EC64C58-E454-45FD-9252-702230D95856}
	EndGlobalSection
EndGlobal
